
Microsoft Visual Studio Solution File, Format Version 12.00
# Visual Studio Version 16
VisualStudioVersion = 16.0.30320.27
MinimumVisualStudioVersion = 10.0.40219.1
Project("{FAE04EC0-301F-11D3-BF4B-00C04F79EFBC}") = "DapperGenericRepository", "DapperGenericRepository\DapperGenericRepository.csproj", "{9BF54D0C-EFBF-46B8-97A6-248731F2506D}"
EndProject
Project("{FAE04EC0-301F-11D3-BF4B-00C04F79EFBC}") = "Shared", "Shared\Shared.csproj", "{13DED7E6-E69A-4EB0-954B-8C1E1C69A85B}"
EndProject
Project("{2150E333-8FDC-42A3-9474-1A3956D46DE8}") = "Core", "Core", "{F5FB750D-F993-4F7E-9DDE-420DA2B1C361}"
EndProject
Project("{FAE04EC0-301F-11D3-BF4B-00C04F79EFBC}") = "Core.Models", "Core.Models\Core.Models.csproj", "{90261EE6-A0B2-41D6-A9E3-905CEBEDDB9A}"
EndProject
Project("{2150E333-8FDC-42A3-9474-1A3956D46DE8}") = "Service", "Service", "{1B541990-3340-4041-A14C-0BBD9D68CC78}"
EndProject
Project("{2150E333-8FDC-42A3-9474-1A3956D46DE8}") = "Infrastruture", "Infrastruture", "{61687C93-99AA-4D57-84CF-E78F0982B5A2}"
EndProject
Project("{FAE04EC0-301F-11D3-BF4B-00C04F79EFBC}") = "Core.Repository", "Core.Repository\Core.Repository.csproj", "{155B07CC-9A61-4BA2-ACB9-B583801A47E3}"
EndProject
Project("{FAE04EC0-301F-11D3-BF4B-00C04F79EFBC}") = "Infrastructure", "Infrastructure\Infrastructure.csproj", "{A7746F82-30D0-4BEE-ACAE-A2888E84776B}"
EndProject
Global
	GlobalSection(SolutionConfigurationPlatforms) = preSolution
		Debug|Any CPU = Debug|Any CPU
		Release|Any CPU = Release|Any CPU
	EndGlobalSection
	GlobalSection(ProjectConfigurationPlatforms) = postSolution
		{9BF54D0C-EFBF-46B8-97A6-248731F2506D}.Debug|Any CPU.ActiveCfg = Debug|Any CPU
		{9BF54D0C-EFBF-46B8-97A6-248731F2506D}.Debug|Any CPU.Build.0 = Debug|Any CPU
		{9BF54D0C-EFBF-46B8-97A6-248731F2506D}.Release|Any CPU.ActiveCfg = Release|Any CPU
		{9BF54D0C-EFBF-46B8-97A6-248731F2506D}.Release|Any CPU.Build.0 = Release|Any CPU
		{13DED7E6-E69A-4EB0-954B-8C1E1C69A85B}.Debug|Any CPU.ActiveCfg = Debug|Any CPU
		{13DED7E6-E69A-4EB0-954B-8C1E1C69A85B}.Debug|Any CPU.Build.0 = Debug|Any CPU
		{13DED7E6-E69A-4EB0-954B-8C1E1C69A85B}.Release|Any CPU.ActiveCfg = Release|Any CPU
		{13DED7E6-E69A-4EB0-954B-8C1E1C69A85B}.Release|Any CPU.Build.0 = Release|Any CPU
		{90261EE6-A0B2-41D6-A9E3-905CEBEDDB9A}.Debug|Any CPU.ActiveCfg = Debug|Any CPU
		{90261EE6-A0B2-41D6-A9E3-905CEBEDDB9A}.Debug|Any CPU.Build.0 = Debug|Any CPU
		{90261EE6-A0B2-41D6-A9E3-905CEBEDDB9A}.Release|Any CPU.ActiveCfg = Release|Any CPU
		{90261EE6-A0B2-41D6-A9E3-905CEBEDDB9A}.Release|Any CPU.Build.0 = Release|Any CPU
		{155B07CC-9A61-4BA2-ACB9-B583801A47E3}.Debug|Any CPU.ActiveCfg = Debug|Any CPU
		{155B07CC-9A61-4BA2-ACB9-B583801A47E3}.Debug|Any CPU.Build.0 = Debug|Any CPU
		{155B07CC-9A61-4BA2-ACB9-B583801A47E3}.Release|Any CPU.ActiveCfg = Release|Any CPU
		{155B07CC-9A61-4BA2-ACB9-B583801A47E3}.Release|Any CPU.Build.0 = Release|Any CPU
		{A7746F82-30D0-4BEE-ACAE-A2888E84776B}.Debug|Any CPU.ActiveCfg = Debug|Any CPU
		{A7746F82-30D0-4BEE-ACAE-A2888E84776B}.Debug|Any CPU.Build.0 = Debug|Any CPU
		{A7746F82-30D0-4BEE-ACAE-A2888E84776B}.Release|Any CPU.ActiveCfg = Release|Any CPU
		{A7746F82-30D0-4BEE-ACAE-A2888E84776B}.Release|Any CPU.Build.0 = Release|Any CPU
	EndGlobalSection
	GlobalSection(SolutionProperties) = preSolution
		HideSolutionNode = FALSE
	EndGlobalSection
	GlobalSection(NestedProjects) = preSolution
		{90261EE6-A0B2-41D6-A9E3-905CEBEDDB9A} = {F5FB750D-F993-4F7E-9DDE-420DA2B1C361}
		{155B07CC-9A61-4BA2-ACB9-B583801A47E3} = {F5FB750D-F993-4F7E-9DDE-420DA2B1C361}
		{A7746F82-30D0-4BEE-ACAE-A2888E84776B} = {61687C93-99AA-4D57-84CF-E78F0982B5A2}
	EndGlobalSection
	GlobalSection(ExtensibilityGlobals) = postSolution
		SolutionGuid = {14C88370-89B2-42FB-9816-F5081B1796A0}
	EndGlobalSection
EndGlobal
